// !$*UTF8*$!
{
	archiveVersion = 1;
	classes = {
	};
	objectVersion = 46;
	objects = {

/* Begin PBXBuildFile section */
		96930D691E6F08ED0047D7A0 /* AppDelegate.swift in Sources */ = {isa = PBXBuildFile; fileRef = 96930D681E6F08ED0047D7A0 /* AppDelegate.swift */; };
		96930D6B1E6F08ED0047D7A0 /* ViewController.swift in Sources */ = {isa = PBXBuildFile; fileRef = 96930D6A1E6F08ED0047D7A0 /* ViewController.swift */; };
		96930D6E1E6F08ED0047D7A0 /* Main.storyboard in Resources */ = {isa = PBXBuildFile; fileRef = 96930D6C1E6F08ED0047D7A0 /* Main.storyboard */; };
		96930D701E6F08ED0047D7A0 /* Assets.xcassets in Resources */ = {isa = PBXBuildFile; fileRef = 96930D6F1E6F08ED0047D7A0 /* Assets.xcassets */; };
		96930D731E6F08ED0047D7A0 /* LaunchScreen.storyboard in Resources */ = {isa = PBXBuildFile; fileRef = 96930D711E6F08ED0047D7A0 /* LaunchScreen.storyboard */; };
		96930D7E1E6F08ED0047D7A0 /* ios_uikit_uiimagepickercontroller_demoTests.swift in Sources */ = {isa = PBXBuildFile; fileRef = 96930D7D1E6F08ED0047D7A0 /* ios_uikit_uiimagepickercontroller_demoTests.swift */; };
/* End PBXBuildFile section */

/* Begin PBXContainerItemProxy section */
		96930D7A1E6F08ED0047D7A0 /* PBXContainerItemProxy */ = {
			isa = PBXContainerItemProxy;
			containerPortal = 96930D5D1E6F08ED0047D7A0 /* Project object */;
			proxyType = 1;
			remoteGlobalIDString = 96930D641E6F08ED0047D7A0;
			remoteInfo = "ios-uikit-uiimagepickercontroller-demo";
		};
/* End PBXContainerItemProxy section */

/* Begin PBXFileReference section */
		96930D651E6F08ED0047D7A0 /* ios-uikit-uiimagepickercontroller-demo.app */ = {isa = PBXFileReference; explicitFileType = wrapper.application; includeInIndex = 0; path = "ios-uikit-uiimagepickercontroller-demo.app"; sourceTree = BUILT_PRODUCTS_DIR; };
		96930D681E6F08ED0047D7A0 /* AppDelegate.swift */ = {isa = PBXFileReference; lastKnownFileType = sourcecode.swift; path = AppDelegate.swift; sourceTree = "<group>"; };
		96930D6A1E6F08ED0047D7A0 /* ViewController.swift */ = {isa = PBXFileReference; lastKnownFileType = sourcecode.swift; path = ViewController.swift; sourceTree = "<group>"; };
		96930D6D1E6F08ED0047D7A0 /* Base */ = {isa = PBXFileReference; lastKnownFileType = file.storyboard; name = Base; path = Base.lproj/Main.storyboard; sourceTree = "<group>"; };
		96930D6F1E6F08ED0047D7A0 /* Assets.xcassets */ = {isa = PBXFileReference; lastKnownFileType = folder.assetcatalog; path = Assets.xcassets; sourceTree = "<group>"; };
		96930D721E6F08ED0047D7A0 /* Base */ = {isa = PBXFileReference; lastKnownFileType = file.storyboard; name = Base; path = Base.lproj/LaunchScreen.storyboard; sourceTree = "<group>"; };
		96930D741E6F08ED0047D7A0 /* Info.plist */ = {isa = PBXFileReference; lastKnownFileType = text.plist.xml; path = Info.plist; sourceTree = "<group>"; };
		96930D791E6F08ED0047D7A0 /* ios-uikit-uiimagepickercontroller-demoTests.xctest */ = {isa = PBXFileReference; explicitFileType = wrapper.cfbundle; includeInIndex = 0; path = "ios-uikit-uiimagepickercontroller-demoTests.xctest"; sourceTree = BUILT_PRODUCTS_DIR; };
		96930D7D1E6F08ED0047D7A0 /* ios_uikit_uiimagepickercontroller_demoTests.swift */ = {isa = PBXFileReference; lastKnownFileType = sourcecode.swift; path = ios_uikit_uiimagepickercontroller_demoTests.swift; sourceTree = "<group>"; };
		96930D7F1E6F08ED0047D7A0 /* Info.plist */ = {isa = PBXFileReference; lastKnownFileType = text.plist.xml; path = Info.plist; sourceTree = "<group>"; };
/* End PBXFileReference section */

/* Begin PBXFrameworksBuildPhase section */
		96930D621E6F08ED0047D7A0 /* Frameworks */ = {
			isa = PBXFrameworksBuildPhase;
			buildActionMask = 2147483647;
			files = (
			);
			runOnlyForDeploymentPostprocessing = 0;
		};
		96930D761E6F08ED0047D7A0 /* Frameworks */ = {
			isa = PBXFrameworksBuildPhase;
			buildActionMask = 2147483647;
			files = (
			);
			runOnlyForDeploymentPostprocessing = 0;
		};
/* End PBXFrameworksBuildPhase section */

/* Begin PBXGroup section */
		96930D5C1E6F08ED0047D7A0 = {
			isa = PBXGroup;
			children = (
				96930D671E6F08ED0047D7A0 /* ios-uikit-uiimagepickercontroller-demo */,
				96930D7C1E6F08ED0047D7A0 /* ios-uikit-uiimagepickercontroller-demoTests */,
				96930D661E6F08ED0047D7A0 /* Products */,
			);
			sourceTree = "<group>";
		};
		96930D661E6F08ED0047D7A0 /* Products */ = {
			isa = PBXGroup;
			children = (
				96930D651E6F08ED0047D7A0 /* ios-uikit-uiimagepickercontroller-demo.app */,
				96930D791E6F08ED0047D7A0 /* ios-uikit-uiimagepickercontroller-demoTests.xctest */,
			);
			name = Products;
			sourceTree = "<group>";
		};
		96930D671E6F08ED0047D7A0 /* ios-uikit-uiimagepickercontroller-demo */ = {
			isa = PBXGroup;
			children = (
				96930D681E6F08ED0047D7A0 /* AppDelegate.swift */,
				96930D6A1E6F08ED0047D7A0 /* ViewController.swift */,
				96930D6C1E6F08ED0047D7A0 /* Main.storyboard */,
				96930D6F1E6F08ED0047D7A0 /* Assets.xcassets */,
				96930D711E6F08ED0047D7A0 /* LaunchScreen.storyboard */,
				96930D741E6F08ED0047D7A0 /* Info.plist */,
			);
			path = "ios-uikit-uiimagepickercontroller-demo";
			sourceTree = "<group>";
		};
		96930D7C1E6F08ED0047D7A0 /* ios-uikit-uiimagepickercontroller-demoTests */ = {
			isa = PBXGroup;
			children = (
				96930D7D1E6F08ED0047D7A0 /* ios_uikit_uiimagepickercontroller_demoTests.swift */,
				96930D7F1E6F08ED0047D7A0 /* Info.plist */,
			);
			path = "ios-uikit-uiimagepickercontroller-demoTests";
			sourceTree = "<group>";
		};
/* End PBXGroup section */

/* Begin PBXNativeTarget section */
		96930D641E6F08ED0047D7A0 /* ios-uikit-uiimagepickercontroller-demo */ = {
			isa = PBXNativeTarget;
			buildConfigurationList = 96930D821E6F08ED0047D7A0 /* Build configuration list for PBXNativeTarget "ios-uikit-uiimagepickercontroller-demo" */;
			buildPhases = (
				96930D611E6F08ED0047D7A0 /* Sources */,
				96930D621E6F08ED0047D7A0 /* Frameworks */,
				96930D631E6F08ED0047D7A0 /* Resources */,
			);
			buildRules = (
			);
			dependencies = (
			);
			name = "ios-uikit-uiimagepickercontroller-demo";
			productName = "ios-uikit-uiimagepickercontroller-demo";
			productReference = 96930D651E6F08ED0047D7A0 /* ios-uikit-uiimagepickercontroller-demo.app */;
			productType = "com.apple.product-type.application";
		};
		96930D781E6F08ED0047D7A0 /* ios-uikit-uiimagepickercontroller-demoTests */ = {
			isa = PBXNativeTarget;
			buildConfigurationList = 96930D851E6F08ED0047D7A0 /* Build configuration list for PBXNativeTarget "ios-uikit-uiimagepickercontroller-demoTests" */;
			buildPhases = (
				96930D751E6F08ED0047D7A0 /* Sources */,
				96930D761E6F08ED0047D7A0 /* Frameworks */,
				96930D771E6F08ED0047D7A0 /* Resources */,
			);
			buildRules = (
			);
			dependencies = (
				96930D7B1E6F08ED0047D7A0 /* PBXTargetDependency */,
			);
			name = "ios-uikit-uiimagepickercontroller-demoTests";
			productName = "ios-uikit-uiimagepickercontroller-demoTests";
			productReference = 96930D791E6F08ED0047D7A0 /* ios-uikit-uiimagepickercontroller-demoTests.xctest */;
			productType = "com.apple.product-type.bundle.unit-test";
		};
/* End PBXNativeTarget section */

/* Begin PBXProject section */
		96930D5D1E6F08ED0047D7A0 /* Project object */ = {
			isa = PBXProject;
			attributes = {
				LastSwiftUpdateCheck = 0820;
				LastUpgradeCheck = 0820;
				ORGANIZATIONNAME = "Kentao Taguchi";
				TargetAttributes = {
					96930D641E6F08ED0047D7A0 = {
						CreatedOnToolsVersion = 8.2.1;
						DevelopmentTeam = PCCZJUYRT6;
						ProvisioningStyle = Automatic;
					};
					96930D781E6F08ED0047D7A0 = {
						CreatedOnToolsVersion = 8.2.1;
						DevelopmentTeam = PCCZJUYRT6;
						ProvisioningStyle = Automatic;
						TestTargetID = 96930D641E6F08ED0047D7A0;
					};
				};
			};
			buildConfigurationList = 96930D601E6F08ED0047D7A0 /* Build configuration list for PBXProject "ios-uikit-uiimagepickercontroller-demo" */;
			compatibilityVersion = "Xcode 3.2";
			developmentRegion = English;
			hasScannedForEncodings = 0;
			knownRegions = (
				en,
				Base,
			);
			mainGroup = 96930D5C1E6F08ED0047D7A0;
			productRefGroup = 96930D661E6F08ED0047D7A0 /* Products */;
			projectDirPath = "";
			projectRoot = "";
			targets = (
				96930D641E6F08ED0047D7A0 /* ios-uikit-uiimagepickercontroller-demo */,
				96930D781E6F08ED0047D7A0 /* ios-uikit-uiimagepickercontroller-demoTests */,
			);
		};
/* End PBXProject section */

/* Begin PBXResourcesBuildPhase section */
		96930D631E6F08ED0047D7A0 /* Resources */ = {
			isa = PBXResourcesBuildPhase;
			buildActionMask = 2147483647;
			files = (
				96930D731E6F08ED0047D7A0 /* LaunchScreen.storyboard in Resources */,
				96930D701E6F08ED0047D7A0 /* Assets.xcassets in Resources */,
				96930D6E1E6F08ED0047D7A0 /* Main.storyboard in Resources */,
			);
			runOnlyForDeploymentPostprocessing = 0;
		};
		96930D771E6F08ED0047D7A0 /* Resources */ = {
			isa = PBXResourcesBuildPhase;
			buildActionMask = 2147483647;
			files = (
			);
			runOnlyForDeploymentPostprocessing = 0;
		};
/* End PBXResourcesBuildPhase section */

/* Begin PBXSourcesBuildPhase section */
		96930D611E6F08ED0047D7A0 /* Sources */ = {
			isa = PBXSourcesBuildPhase;
			buildActionMask = 2147483647;
			files = (
				96930D6B1E6F08ED0047D7A0 /* ViewController.swift in Sources */,
				96930D691E6F08ED0047D7A0 /* AppDelegate.swift in Sources */,
			);
			runOnlyForDeploymentPostprocessing = 0;
		};
		96930D751E6F08ED0047D7A0 /* Sources */ = {
			isa = PBXSourcesBuildPhase;
			buildActionMask = 2147483647;
			files = (
				96930D7E1E6F08ED0047D7A0 /* ios_uikit_uiimagepickercontroller_demoTests.swift in Sources */,
			);
			runOnlyForDeploymentPostprocessing = 0;
		};
/* End PBXSourcesBuildPhase section */

/* Begin PBXTargetDependency section */
		96930D7B1E6F08ED0047D7A0 /* PBXTargetDependency */ = {
			isa = PBXTargetDependency;
			target = 96930D641E6F08ED0047D7A0 /* ios-uikit-uiimagepickercontroller-demo */;
			targetProxy = 96930D7A1E6F08ED0047D7A0 /* PBXContainerItemProxy */;
		};
/* End PBXTargetDependency section */

/* Begin PBXVariantGroup section */
		96930D6C1E6F08ED0047D7A0 /* Main.storyboard */ = {
			isa = PBXVariantGroup;
			children = (
				96930D6D1E6F08ED0047D7A0 /* Base */,
			);
			name = Main.storyboard;
			sourceTree = "<group>";
		};
		96930D711E6F08ED0047D7A0 /* LaunchScreen.storyboard */ = {
			isa = PBXVariantGroup;
			children = (
				96930D721E6F08ED0047D7A0 /* Base */,
			);
			name = LaunchScreen.storyboard;
			sourceTree = "<group>";
		};
/* End PBXVariantGroup section */

/* Begin XCBuildConfiguration section */
		96930D801E6F08ED0047D7A0 /* Debug */ = {
			isa = XCBuildConfiguration;
			buildSettings = {
				ALWAYS_SEARCH_USER_PATHS = NO;
				CLANG_ANALYZER_NONNULL = YES;
				CLANG_CXX_LANGUAGE_STANDARD = "gnu++0x";
				CLANG_CXX_LIBRARY = "libc++";
				CLANG_ENABLE_MODULES = YES;
				CLANG_ENABLE_OBJC_ARC = YES;
				CLANG_WARN_BOOL_CONVERSION = YES;
				CLANG_WARN_CONSTANT_CONVERSION = YES;
				CLANG_WARN_DIRECT_OBJC_ISA_USAGE = YES_ERROR;
				CLANG_WARN_DOCUMENTATION_COMMENTS = YES;
				CLANG_WARN_EMPTY_BODY = YES;
				CLANG_WARN_ENUM_CONVERSION = YES;
				CLANG_WARN_INFINITE_RECURSION = YES;
				CLANG_WARN_INT_CONVERSION = YES;
				CLANG_WARN_OBJC_ROOT_CLASS = YES_ERROR;
				CLANG_WARN_SUSPICIOUS_MOVE = YES;
				CLANG_WARN_UNREACHABLE_CODE = YES;
				CLANG_WARN__DUPLICATE_METHOD_MATCH = YES;
				"CODE_SIGN_IDENTITY[sdk=iphoneos*]" = "iPhone Developer";
				COPY_PHASE_STRIP = NO;
				DEBUG_INFORMATION_FORMAT = dwarf;
				ENABLE_STRICT_OBJC_MSGSEND = YES;
				ENABLE_TESTABILITY = YES;
				GCC_C_LANGUAGE_STANDARD = gnu99;
				GCC_DYNAMIC_NO_PIC = NO;
				GCC_NO_COMMON_BLOCKS = YES;
				GCC_OPTIMIZATION_LEVEL = 0;
				GCC_PREPROCESSOR_DEFINITIONS = (
					"DEBUG=1",
					"$(inherited)",
				);
				GCC_WARN_64_TO_32_BIT_CONVERSION = YES;
				GCC_WARN_ABOUT_RETURN_TYPE = YES_ERROR;
				GCC_WARN_UNDECLARED_SELECTOR = YES;
				GCC_WARN_UNINITIALIZED_AUTOS = YES_AGGRESSIVE;
				GCC_WARN_UNUSED_FUNCTION = YES;
				GCC_WARN_UNUSED_VARIABLE = YES;
				IPHONEOS_DEPLOYMENT_TARGET = 10.2;
				MTL_ENABLE_DEBUG_INFO = YES;
				ONLY_ACTIVE_ARCH = YES;
				SDKROOT = iphoneos;
				SWIFT_ACTIVE_COMPILATION_CONDITIONS = DEBUG;
				SWIFT_OPTIMIZATION_LEVEL = "-Onone";
				TARGETED_DEVICE_FAMILY = "1,2";
			};
			name = Debug;
		};
		96930D811E6F08ED0047D7A0 /* Release */ = {
			isa = XCBuildConfiguration;
			buildSettings = {
				ALWAYS_SEARCH_USER_PATHS = NO;
				CLANG_ANALYZER_NONNULL = YES;
				CLANG_CXX_LANGUAGE_STANDARD = "gnu++0x";
				CLANG_CXX_LIBRARY = "libc++";
				CLANG_ENABLE_MODULES = YES;
				CLANG_ENABLE_OBJC_ARC = YES;
				CLANG_WARN_BOOL_CONVERSION = YES;
				CLANG_WARN_CONSTANT_CONVERSION = YES;
				CLANG_WARN_DIRECT_OBJC_ISA_USAGE = YES_ERROR;
				CLANG_WARN_DOCUMENTATION_COMMENTS = YES;
				CLANG_WARN_EMPTY_BODY = YES;
				CLANG_WARN_ENUM_CONVERSION = YES;
				CLANG_WARN_INFINITE_RECURSION = YES;
				CLANG_WARN_INT_CONVERSION = YES;
				CLANG_WARN_OBJC_ROOT_CLASS = YES_ERROR;
				CLANG_WARN_SUSPICIOUS_MOVE = YES;
				CLANG_WARN_UNREACHABLE_CODE = YES;
				CLANG_WARN__DUPLICATE_METHOD_MATCH = YES;
				"CODE_SIGN_IDENTITY[sdk=iphoneos*]" = "iPhone Developer";
				COPY_PHASE_STRIP = NO;
				DEBUG_INFORMATION_FORMAT = "dwarf-with-dsym";
				ENABLE_NS_ASSERTIONS = NO;
				ENABLE_STRICT_OBJC_MSGSEND = YES;
				GCC_C_LANGUAGE_STANDARD = gnu99;
				GCC_NO_COMMON_BLOCKS = YES;
				GCC_WARN_64_TO_32_BIT_CONVERSION = YES;
				GCC_WARN_ABOUT_RETURN_TYPE = YES_ERROR;
				GCC_WARN_UNDECLARED_SELECTOR = YES;
				GCC_WARN_UNINITIALIZED_AUTOS = YES_AGGRESSIVE;
				GCC_WARN_UNUSED_FUNCTION = YES;
				GCC_WARN_UNUSED_VARIABLE = YES;
				IPHONEOS_DEPLOYMENT_TARGET = 10.2;
				MTL_ENABLE_DEBUG_INFO = NO;
				SDKROOT = iphoneos;
				SWIFT_OPTIMIZATION_LEVEL = "-Owholemodule";
				TARGETED_DEVICE_FAMILY = "1,2";
				VALIDATE_PRODUCT = YES;
			};
			name = Release;
		};
		96930D831E6F08ED0047D7A0 /* Debug */ = {
			isa = XCBuildConfiguration;
			buildSettings = {
				ASSETCATALOG_COMPILER_APPICON_NAME = AppIcon;
				DEVELOPMENT_TEAM = PCCZJUYRT6;
				INFOPLIST_FILE = "ios-uikit-uiimagepickercontroller-demo/Info.plist";
				IPHONEOS_DEPLOYMENT_TARGET = 8.0;
				LD_RUNPATH_SEARCH_PATHS = "$(inherited) @executable_path/Frameworks";
				PRODUCT_BUNDLE_IDENTIFIER = "jp.st-ventures.ios-uikit-uiimagepickercontroller-demo";
				PRODUCT_NAME = "$(TARGET_NAME)";
				SWIFT_VERSION = 3.0;
			};
			name = Debug;
		};
		96930D841E6F08ED0047D7A0 /* Release */ = {
			isa = XCBuildConfiguration;
			buildSettings = {
				ASSETCATALOG_COMPILER_APPICON_NAME = AppIcon;
				DEVELOPMENT_TEAM = PCCZJUYRT6;
				INFOPLIST_FILE = "ios-uikit-uiimagepickercontroller-demo/Info.plist";
				IPHONEOS_DEPLOYMENT_TARGET = 8.0;
				LD_RUNPATH_SEARCH_PATHS = "$(inherited) @executable_path/Frameworks";
				PRODUCT_BUNDLE_IDENTIFIER = "jp.st-ventures.ios-uikit-uiimagepickercontroller-demo";
				PRODUCT_NAME = "$(TARGET_NAME)";
				SWIFT_VERSION = 3.0;
			};
			name = Release;
		};
		96930D861E6F08ED0047D7A0 /* Debug */ = {
			isa = XCBuildConfiguration;
			buildSettings = {
				ALWAYS_EMBED_SWIFT_STANDARD_LIBRARIES = YES;
				BUNDLE_LOADER = "$(TEST_HOST)";
				DEVELOPMENT_TEAM = PCCZJUYRT6;
				INFOPLIST_FILE = "ios-uikit-uiimagepickercontroller-demoTests/Info.plist";
				LD_RUNPATH_SEARCH_PATHS = "$(inherited) @executable_path/Frameworks @loader_path/Frameworks";
				PRODUCT_BUNDLE_IDENTIFIER = "jp.st-ventures.ios-uikit-uiimagepickercontroller-demoTests";
				PRODUCT_NAME = "$(TARGET_NAME)";
				SWIFT_VERSION = 3.0;
				TEST_HOST = "$(BUILT_PRODUCTS_DIR)/ios-uikit-uiimagepickercontroller-demo.app/ios-uikit-uiimagepickercontroller-demo";
			};
			name = Debug;
		};
		96930D871E6F08ED0047D7A0 /* Release */ = {
			isa = XCBuildConfiguration;
			buildSettings = {
				ALWAYS_EMBED_SWIFT_STANDARD_LIBRARIES = YES;
				BUNDLE_LOADER = "$(TEST_HOST)";
				DEVELOPMENT_TEAM = PCCZJUYRT6;
				INFOPLIST_FILE = "ios-uikit-uiimagepickercontroller-demoTests/Info.plist";
				LD_RUNPATH_SEARCH_PATHS = "$(inherited) @executable_path/Frameworks @loader_path/Frameworks";
				PRODUCT_BUNDLE_IDENTIFIER = "jp.st-ventures.ios-uikit-uiimagepickercontroller-demoTests";
				PRODUCT_NAME = "$(TARGET_NAME)";
				SWIFT_VERSION = 3.0;
				TEST_HOST = "$(BUILT_PRODUCTS_DIR)/ios-uikit-uiimagepickercontroller-demo.app/ios-uikit-uiimagepickercontroller-demo";
			};
			name = Release;
		};
/* End XCBuildConfiguration section */

/* Begin XCConfigurationList section */
		96930D601E6F08ED0047D7A0 /* Build configuration list for PBXProject "ios-uikit-uiimagepickercontroller-demo" */ = {
			isa = XCConfigurationList;
			buildConfigurations = (
				96930D801E6F08ED0047D7A0 /* Debug */,
				96930D811E6F08ED0047D7A0 /* Release */,
			);
			defaultConfigurationIsVisible = 0;
			defaultConfigurationName = Release;
		};
		96930D821E6F08ED0047D7A0 /* Build configuration list for PBXNativeTarget "ios-uikit-uiimagepickercontroller-demo" */ = {
			isa = XCConfigurationList;
			buildConfigurations = (
				96930D831E6F08ED0047D7A0 /* Debug */,
				96930D841E6F08ED0047D7A0 /* Release */,
			);
			defaultConfigurationIsVisible = 0;
		};
		96930D851E6F08ED0047D7A0 /* Build configuration list for PBXNativeTarget "ios-uikit-uiimagepickercontroller-demoTests" */ = {
			isa = XCConfigurationList;
			buildConfigurations = (
				96930D861E6F08ED0047D7A0 /* Debug */,
				96930D871E6F08ED0047D7A0 /* Release */,
			);
			defaultConfigurationIsVisible = 0;
		};
/* End XCConfigurationList section */
	};
	rootObject = 96930D5D1E6F08ED0047D7A0 /* Project object */;
}
